
Microsoft Visual Studio Solution File, Format Version 10.00
# Visual Studio 2008
Project("{FAE04EC0-301F-11D3-BF4B-00C04F79EFBC}") = "SQL_Query", "SQL_Query\SQL_Query.csproj", "{DC8CC58D-3455-46E3-A141-6E8B311D8823}"
EndProject
Global
	GlobalSection(SolutionConfigurationPlatforms) = preSolution
		Debug|Any CPU = Debug|Any CPU
		Release|Any CPU = Release|Any CPU
	EndGlobalSection
	GlobalSection(ProjectConfigurationPlatforms) = postSolution
		{DC8CC58D-3455-46E3-A141-6E8B311D8823}.Debug|Any CPU.ActiveCfg = Debug|Any CPU
		{DC8CC58D-3455-46E3-A141-6E8B311D8823}.Debug|Any CPU.Build.0 = Debug|Any CPU
		{DC8CC58D-3455-46E3-A141-6E8B311D8823}.Release|Any CPU.ActiveCfg = Release|Any CPU
		{DC8CC58D-3455-46E3-A141-6E8B311D8823}.Release|Any CPU.Build.0 = Release|Any CPU
	EndGlobalSection
	GlobalSection(SolutionProperties) = preSolution
		HideSolutionNode = FALSE
	EndGlobalSection
EndGlobal
